// !$*UTF8*$!
{
	archiveVersion = 1;
	classes = {
	};
	objectVersion = 46;
	objects = {

/* Begin PBXBuildFile section */
		EE0B3A241B03C29F004B6FC4 /* DumpsterLaunch960.png in Resources */ = {isa = PBXBuildFile; fileRef = EE0B3A191B03C29F004B6FC4 /* DumpsterLaunch960.png */; };
		EE0B3A251B03C29F004B6FC4 /* DumpsterLaunch1136.png in Resources */ = {isa = PBXBuildFile; fileRef = EE0B3A1A1B03C29F004B6FC4 /* DumpsterLaunch1136.png */; };
		EE0B3A261B03C29F004B6FC4 /* DumpsterLogo29.png in Resources */ = {isa = PBXBuildFile; fileRef = EE0B3A1B1B03C29F004B6FC4 /* DumpsterLogo29.png */; };
		EE0B3A271B03C29F004B6FC4 /* DumpsterLogo58.png in Resources */ = {isa = PBXBuildFile; fileRef = EE0B3A1C1B03C29F004B6FC4 /* DumpsterLogo58.png */; };
		EE0B3A281B03C29F004B6FC4 /* DumpsterLogo76.png in Resources */ = {isa = PBXBuildFile; fileRef = EE0B3A1D1B03C29F004B6FC4 /* DumpsterLogo76.png */; };
		EE0B3A291B03C29F004B6FC4 /* DumpsterLogo80.png in Resources */ = {isa = PBXBuildFile; fileRef = EE0B3A1E1B03C29F004B6FC4 /* DumpsterLogo80.png */; };
		EE0B3A2A1B03C29F004B6FC4 /* DumpsterLogo87.png in Resources */ = {isa = PBXBuildFile; fileRef = EE0B3A1F1B03C29F004B6FC4 /* DumpsterLogo87.png */; };
		EE0B3A2B1B03C29F004B6FC4 /* DumpsterLogo120.png in Resources */ = {isa = PBXBuildFile; fileRef = EE0B3A201B03C29F004B6FC4 /* DumpsterLogo120.png */; };
		EE0B3A2C1B03C29F004B6FC4 /* DumpsterLogo152.png in Resources */ = {isa = PBXBuildFile; fileRef = EE0B3A211B03C29F004B6FC4 /* DumpsterLogo152.png */; };
		EE0B3A2D1B03C29F004B6FC4 /* DumpsterLogo180.png in Resources */ = {isa = PBXBuildFile; fileRef = EE0B3A221B03C29F004B6FC4 /* DumpsterLogo180.png */; };
		EE0B3A2E1B03C29F004B6FC4 /* DumpsterLogo1024.png in Resources */ = {isa = PBXBuildFile; fileRef = EE0B3A231B03C29F004B6FC4 /* DumpsterLogo1024.png */; };
		EE1F7F271B4EE9B200148429 /* Default-568h@2x.png in Resources */ = {isa = PBXBuildFile; fileRef = EE1F7F261B4EE9B200148429 /* Default-568h@2x.png */; };
		EE1F7F281B4EEC0300148429 /* ViewController.swift in Sources */ = {isa = PBXBuildFile; fileRef = EEC044FF1A93C74200D90ECA /* ViewController.swift */; };
		EE1F7F291B4EEC2500148429 /* QuestionViewController.swift in Sources */ = {isa = PBXBuildFile; fileRef = EEC045211A942AB000D90ECA /* QuestionViewController.swift */; };
		EE1F7F2A1B4EEC2900148429 /* StatsViewController.swift in Sources */ = {isa = PBXBuildFile; fileRef = EEB09F251AACB6320070BA38 /* StatsViewController.swift */; };
		EE1F7F2B1B4EEC2D00148429 /* AppDelegate.swift in Sources */ = {isa = PBXBuildFile; fileRef = EEC044FD1A93C74200D90ECA /* AppDelegate.swift */; };
		EE1F7F2C1B4EEC3200148429 /* LearnMoreViewController.swift in Sources */ = {isa = PBXBuildFile; fileRef = EE3DF3021AB4E18200F994FF /* LearnMoreViewController.swift */; };
		EE1F7F2E1B4EEC5300148429 /* Bridging.m in Sources */ = {isa = PBXBuildFile; fileRef = EEDAA1D21A9E5A3D00C5142B /* Bridging.m */; };
		EEBB63A81C2DE1FF00F72278 /* ParseLoginController.swift in Sources */ = {isa = PBXBuildFile; fileRef = EEBB63A71C2DE1FF00F72278 /* ParseLoginController.swift */; };
		EEBB63AA1C2DE2F000F72278 /* UserSettings.swift in Sources */ = {isa = PBXBuildFile; fileRef = EEBB63A91C2DE2F000F72278 /* UserSettings.swift */; };
		EEBB63AF1C2DE51700F72278 /* Social.framework in Frameworks */ = {isa = PBXBuildFile; fileRef = EEBB63AE1C2DE51700F72278 /* Social.framework */; };
		EEBB63B11C2DE54D00F72278 /* Accounts.framework in Frameworks */ = {isa = PBXBuildFile; fileRef = EEBB63B01C2DE54D00F72278 /* Accounts.framework */; };
		EEC045031A93C74300D90ECA /* Main.storyboard in Resources */ = {isa = PBXBuildFile; fileRef = EEC045011A93C74300D90ECA /* Main.storyboard */; };
		EEC045051A93C74300D90ECA /* Images.xcassets in Resources */ = {isa = PBXBuildFile; fileRef = EEC045041A93C74300D90ECA /* Images.xcassets */; };
		EEC045081A93C74300D90ECA /* LaunchScreen.xib in Resources */ = {isa = PBXBuildFile; fileRef = EEC045061A93C74300D90ECA /* LaunchScreen.xib */; };
		EEC045201A93DA4E00D90ECA /* DumpLoopTrans2.gif in Resources */ = {isa = PBXBuildFile; fileRef = EEC0451F1A93DA4E00D90ECA /* DumpLoopTrans2.gif */; };
		EEDAA1B31A9E591C00C5142B /* AudioToolbox.framework in Frameworks */ = {isa = PBXBuildFile; fileRef = EEDAA1B21A9E591C00C5142B /* AudioToolbox.framework */; };
		EEDAA1B51A9E592200C5142B /* Foundation.framework in Frameworks */ = {isa = PBXBuildFile; fileRef = EEDAA1B41A9E592200C5142B /* Foundation.framework */; };
		EEDAA1B71A9E592A00C5142B /* CoreGraphics.framework in Frameworks */ = {isa = PBXBuildFile; fileRef = EEDAA1B61A9E592A00C5142B /* CoreGraphics.framework */; };
		EEDAA1B91A9E594200C5142B /* CoreLocation.framework in Frameworks */ = {isa = PBXBuildFile; fileRef = EEDAA1B81A9E594200C5142B /* CoreLocation.framework */; };
		EEDAA1BB1A9E594B00C5142B /* libz.dylib in Frameworks */ = {isa = PBXBuildFile; fileRef = EEDAA1BA1A9E594B00C5142B /* libz.dylib */; };
		EEDAA1BD1A9E595000C5142B /* MobileCoreServices.framework in Frameworks */ = {isa = PBXBuildFile; fileRef = EEDAA1BC1A9E595000C5142B /* MobileCoreServices.framework */; };
		EEDAA1BF1A9E595600C5142B /* QuartzCore.framework in Frameworks */ = {isa = PBXBuildFile; fileRef = EEDAA1BE1A9E595600C5142B /* QuartzCore.framework */; };
		EEDAA1C11A9E595C00C5142B /* Security.framework in Frameworks */ = {isa = PBXBuildFile; fileRef = EEDAA1C01A9E595C00C5142B /* Security.framework */; };
		EEDAA1C31A9E596200C5142B /* StoreKit.framework in Frameworks */ = {isa = PBXBuildFile; fileRef = EEDAA1C21A9E596200C5142B /* StoreKit.framework */; };
		EEDAA1C51A9E596800C5142B /* SystemConfiguration.framework in Frameworks */ = {isa = PBXBuildFile; fileRef = EEDAA1C41A9E596800C5142B /* SystemConfiguration.framework */; };
		EEDAA1D51A9E5BF400C5142B /* libsqlite3.dylib in Frameworks */ = {isa = PBXBuildFile; fileRef = EEDAA1D41A9E5BF400C5142B /* libsqlite3.dylib */; };
		EEF9C32D1C2DF848004DF096 /* UserService.swift in Sources */ = {isa = PBXBuildFile; fileRef = EEF9C32C1C2DF848004DF096 /* UserService.swift */; };
		EEF9C5301C31231D004DF096 /* Podfile in Resources */ = {isa = PBXBuildFile; fileRef = EEF9C52F1C31231D004DF096 /* Podfile */; };
		F21441BCF394E5193D16570C /* libPods-Dumpster.a in Frameworks */ = {isa = PBXBuildFile; fileRef = 4A0096EE2114D7748E60DDFF /* libPods-Dumpster.a */; };
/* End PBXBuildFile section */

/* Begin PBXContainerItemProxy section */
		EEC0450E1A93C74300D90ECA /* PBXContainerItemProxy */ = {
			isa = PBXContainerItemProxy;
			containerPortal = EEC044F01A93C74200D90ECA /* Project object */;
			proxyType = 1;
			remoteGlobalIDString = EEC044F71A93C74200D90ECA;
			remoteInfo = DumpsterSwift;
		};
/* End PBXContainerItemProxy section */

/* Begin PBXFileReference section */
		4A0096EE2114D7748E60DDFF /* libPods-Dumpster.a */ = {isa = PBXFileReference; explicitFileType = archive.ar; includeInIndex = 0; path = "libPods-Dumpster.a"; sourceTree = BUILT_PRODUCTS_DIR; };
		90391549B541B5EC136C66A2 /* Pods-Dumpster.debug.xcconfig */ = {isa = PBXFileReference; includeInIndex = 1; lastKnownFileType = text.xcconfig; name = "Pods-Dumpster.debug.xcconfig"; path = "Pods/Target Support Files/Pods-Dumpster/Pods-Dumpster.debug.xcconfig"; sourceTree = "<group>"; };
		EE0B3A191B03C29F004B6FC4 /* DumpsterLaunch960.png */ = {isa = PBXFileReference; lastKnownFileType = image.png; path = DumpsterLaunch960.png; sourceTree = "<group>"; };
		EE0B3A1A1B03C29F004B6FC4 /* DumpsterLaunch1136.png */ = {isa = PBXFileReference; lastKnownFileType = image.png; path = DumpsterLaunch1136.png; sourceTree = "<group>"; };
		EE0B3A1B1B03C29F004B6FC4 /* DumpsterLogo29.png */ = {isa = PBXFileReference; lastKnownFileType = image.png; path = DumpsterLogo29.png; sourceTree = "<group>"; };
		EE0B3A1C1B03C29F004B6FC4 /* DumpsterLogo58.png */ = {isa = PBXFileReference; lastKnownFileType = image.png; path = DumpsterLogo58.png; sourceTree = "<group>"; };
		EE0B3A1D1B03C29F004B6FC4 /* DumpsterLogo76.png */ = {isa = PBXFileReference; lastKnownFileType = image.png; path = DumpsterLogo76.png; sourceTree = "<group>"; };
		EE0B3A1E1B03C29F004B6FC4 /* DumpsterLogo80.png */ = {isa = PBXFileReference; lastKnownFileType = image.png; path = DumpsterLogo80.png; sourceTree = "<group>"; };
		EE0B3A1F1B03C29F004B6FC4 /* DumpsterLogo87.png */ = {isa = PBXFileReference; lastKnownFileType = image.png; path = DumpsterLogo87.png; sourceTree = "<group>"; };
		EE0B3A201B03C29F004B6FC4 /* DumpsterLogo120.png */ = {isa = PBXFileReference; lastKnownFileType = image.png; path = DumpsterLogo120.png; sourceTree = "<group>"; };
		EE0B3A211B03C29F004B6FC4 /* DumpsterLogo152.png */ = {isa = PBXFileReference; lastKnownFileType = image.png; path = DumpsterLogo152.png; sourceTree = "<group>"; };
		EE0B3A221B03C29F004B6FC4 /* DumpsterLogo180.png */ = {isa = PBXFileReference; lastKnownFileType = image.png; path = DumpsterLogo180.png; sourceTree = "<group>"; };
		EE0B3A231B03C29F004B6FC4 /* DumpsterLogo1024.png */ = {isa = PBXFileReference; lastKnownFileType = image.png; path = DumpsterLogo1024.png; sourceTree = "<group>"; };
		EE1F7F261B4EE9B200148429 /* Default-568h@2x.png */ = {isa = PBXFileReference; lastKnownFileType = image.png; path = "Default-568h@2x.png"; sourceTree = "<group>"; };
		EE1F7F321B4F1D6200148429 /* Info.plist */ = {isa = PBXFileReference; fileEncoding = 4; lastKnownFileType = text.plist.xml; path = Info.plist; sourceTree = "<group>"; };
		EE3DF2FD1AAEA23C00F994FF /* tests.swift */ = {isa = PBXFileReference; fileEncoding = 4; lastKnownFileType = sourcecode.swift; path = tests.swift; sourceTree = "<group>"; };
		EE3DF3021AB4E18200F994FF /* LearnMoreViewController.swift */ = {isa = PBXFileReference; fileEncoding = 4; lastKnownFileType = sourcecode.swift; path = LearnMoreViewController.swift; sourceTree = "<group>"; };
		EEB09F251AACB6320070BA38 /* StatsViewController.swift */ = {isa = PBXFileReference; fileEncoding = 4; lastKnownFileType = sourcecode.swift; path = StatsViewController.swift; sourceTree = "<group>"; };
		EEBB63A71C2DE1FF00F72278 /* ParseLoginController.swift */ = {isa = PBXFileReference; fileEncoding = 4; lastKnownFileType = sourcecode.swift; path = ParseLoginController.swift; sourceTree = "<group>"; };
		EEBB63A91C2DE2F000F72278 /* UserSettings.swift */ = {isa = PBXFileReference; fileEncoding = 4; lastKnownFileType = sourcecode.swift; path = UserSettings.swift; sourceTree = "<group>"; };
		EEBB63AE1C2DE51700F72278 /* Social.framework */ = {isa = PBXFileReference; lastKnownFileType = wrapper.framework; name = Social.framework; path = System/Library/Frameworks/Social.framework; sourceTree = SDKROOT; };
		EEBB63B01C2DE54D00F72278 /* Accounts.framework */ = {isa = PBXFileReference; lastKnownFileType = wrapper.framework; name = Accounts.framework; path = System/Library/Frameworks/Accounts.framework; sourceTree = SDKROOT; };
		EEC044F81A93C74200D90ECA /* Dumpster.app */ = {isa = PBXFileReference; explicitFileType = wrapper.application; includeInIndex = 0; path = Dumpster.app; sourceTree = BUILT_PRODUCTS_DIR; };
		EEC044FC1A93C74200D90ECA /* Info.plist */ = {isa = PBXFileReference; lastKnownFileType = text.plist.xml; path = Info.plist; sourceTree = "<group>"; };
		EEC044FD1A93C74200D90ECA /* AppDelegate.swift */ = {isa = PBXFileReference; lastKnownFileType = sourcecode.swift; path = AppDelegate.swift; sourceTree = "<group>"; };
		EEC044FF1A93C74200D90ECA /* ViewController.swift */ = {isa = PBXFileReference; lastKnownFileType = sourcecode.swift; path = ViewController.swift; sourceTree = "<group>"; };
		EEC045021A93C74300D90ECA /* Base */ = {isa = PBXFileReference; lastKnownFileType = file.storyboard; name = Base; path = Base.lproj/Main.storyboard; sourceTree = "<group>"; };
		EEC045041A93C74300D90ECA /* Images.xcassets */ = {isa = PBXFileReference; lastKnownFileType = folder.assetcatalog; path = Images.xcassets; sourceTree = "<group>"; };
		EEC045071A93C74300D90ECA /* Base */ = {isa = PBXFileReference; lastKnownFileType = file.xib; name = Base; path = Base.lproj/LaunchScreen.xib; sourceTree = "<group>"; };
		EEC0450D1A93C74300D90ECA /* DumpsterTests.xctest */ = {isa = PBXFileReference; explicitFileType = wrapper.cfbundle; includeInIndex = 0; path = DumpsterTests.xctest; sourceTree = BUILT_PRODUCTS_DIR; };
		EEC045131A93C74300D90ECA /* DumpsterTests.swift */ = {isa = PBXFileReference; lastKnownFileType = sourcecode.swift; path = DumpsterTests.swift; sourceTree = "<group>"; };
		EEC0451F1A93DA4E00D90ECA /* DumpLoopTrans2.gif */ = {isa = PBXFileReference; lastKnownFileType = image.gif; path = DumpLoopTrans2.gif; sourceTree = "<group>"; };
		EEC045211A942AB000D90ECA /* QuestionViewController.swift */ = {isa = PBXFileReference; fileEncoding = 4; lastKnownFileType = sourcecode.swift; path = QuestionViewController.swift; sourceTree = "<group>"; };
		EEDAA1B21A9E591C00C5142B /* AudioToolbox.framework */ = {isa = PBXFileReference; lastKnownFileType = wrapper.framework; name = AudioToolbox.framework; path = System/Library/Frameworks/AudioToolbox.framework; sourceTree = SDKROOT; };
		EEDAA1B41A9E592200C5142B /* Foundation.framework */ = {isa = PBXFileReference; lastKnownFileType = wrapper.framework; name = Foundation.framework; path = System/Library/Frameworks/Foundation.framework; sourceTree = SDKROOT; };
		EEDAA1B61A9E592A00C5142B /* CoreGraphics.framework */ = {isa = PBXFileReference; lastKnownFileType = wrapper.framework; name = CoreGraphics.framework; path = System/Library/Frameworks/CoreGraphics.framework; sourceTree = SDKROOT; };
		EEDAA1B81A9E594200C5142B /* CoreLocation.framework */ = {isa = PBXFileReference; lastKnownFileType = wrapper.framework; name = CoreLocation.framework; path = System/Library/Frameworks/CoreLocation.framework; sourceTree = SDKROOT; };
		EEDAA1BA1A9E594B00C5142B /* libz.dylib */ = {isa = PBXFileReference; lastKnownFileType = "compiled.mach-o.dylib"; name = libz.dylib; path = usr/lib/libz.dylib; sourceTree = SDKROOT; };
		EEDAA1BC1A9E595000C5142B /* MobileCoreServices.framework */ = {isa = PBXFileReference; lastKnownFileType = wrapper.framework; name = MobileCoreServices.framework; path = System/Library/Frameworks/MobileCoreServices.framework; sourceTree = SDKROOT; };
		EEDAA1BE1A9E595600C5142B /* QuartzCore.framework */ = {isa = PBXFileReference; lastKnownFileType = wrapper.framework; name = QuartzCore.framework; path = System/Library/Frameworks/QuartzCore.framework; sourceTree = SDKROOT; };
		EEDAA1C01A9E595C00C5142B /* Security.framework */ = {isa = PBXFileReference; lastKnownFileType = wrapper.framework; name = Security.framework; path = System/Library/Frameworks/Security.framework; sourceTree = SDKROOT; };
		EEDAA1C21A9E596200C5142B /* StoreKit.framework */ = {isa = PBXFileReference; lastKnownFileType = wrapper.framework; name = StoreKit.framework; path = System/Library/Frameworks/StoreKit.framework; sourceTree = SDKROOT; };
		EEDAA1C41A9E596800C5142B /* SystemConfiguration.framework */ = {isa = PBXFileReference; lastKnownFileType = wrapper.framework; name = SystemConfiguration.framework; path = System/Library/Frameworks/SystemConfiguration.framework; sourceTree = SDKROOT; };
		EEDAA1D11A9E5A3C00C5142B /* DumpsterSwift-Bridging-Header.h */ = {isa = PBXFileReference; lastKnownFileType = sourcecode.c.h; path = "DumpsterSwift-Bridging-Header.h"; sourceTree = "<group>"; };
		EEDAA1D21A9E5A3D00C5142B /* Bridging.m */ = {isa = PBXFileReference; fileEncoding = 4; lastKnownFileType = sourcecode.c.objc; path = Bridging.m; sourceTree = "<group>"; };
		EEDAA1D41A9E5BF400C5142B /* libsqlite3.dylib */ = {isa = PBXFileReference; lastKnownFileType = "compiled.mach-o.dylib"; name = libsqlite3.dylib; path = usr/lib/libsqlite3.dylib; sourceTree = SDKROOT; };
		EEF9C32C1C2DF848004DF096 /* UserService.swift */ = {isa = PBXFileReference; fileEncoding = 4; lastKnownFileType = sourcecode.swift; path = UserService.swift; sourceTree = "<group>"; };
		EEF9C52F1C31231D004DF096 /* Podfile */ = {isa = PBXFileReference; fileEncoding = 4; lastKnownFileType = text; path = Podfile; sourceTree = "<group>"; };
		F62BBAA0FC2E9C7329A85DDA /* Pods-Dumpster.release.xcconfig */ = {isa = PBXFileReference; includeInIndex = 1; lastKnownFileType = text.xcconfig; name = "Pods-Dumpster.release.xcconfig"; path = "Pods/Target Support Files/Pods-Dumpster/Pods-Dumpster.release.xcconfig"; sourceTree = "<group>"; };
/* End PBXFileReference section */

/* Begin PBXFrameworksBuildPhase section */
		EEC044F51A93C74200D90ECA /* Frameworks */ = {
			isa = PBXFrameworksBuildPhase;
			buildActionMask = 2147483647;
			files = (
				EEBB63B11C2DE54D00F72278 /* Accounts.framework in Frameworks */,
				EEBB63AF1C2DE51700F72278 /* Social.framework in Frameworks */,
				EEDAA1D51A9E5BF400C5142B /* libsqlite3.dylib in Frameworks */,
				EEDAA1C51A9E596800C5142B /* SystemConfiguration.framework in Frameworks */,
				EEDAA1C31A9E596200C5142B /* StoreKit.framework in Frameworks */,
				EEDAA1C11A9E595C00C5142B /* Security.framework in Frameworks */,
				EEDAA1BF1A9E595600C5142B /* QuartzCore.framework in Frameworks */,
				EEDAA1BD1A9E595000C5142B /* MobileCoreServices.framework in Frameworks */,
				EEDAA1BB1A9E594B00C5142B /* libz.dylib in Frameworks */,
				EEDAA1B91A9E594200C5142B /* CoreLocation.framework in Frameworks */,
				EEDAA1B71A9E592A00C5142B /* CoreGraphics.framework in Frameworks */,
				EEDAA1B51A9E592200C5142B /* Foundation.framework in Frameworks */,
				EEDAA1B31A9E591C00C5142B /* AudioToolbox.framework in Frameworks */,
				F21441BCF394E5193D16570C /* libPods-Dumpster.a in Frameworks */,
			);
			runOnlyForDeploymentPostprocessing = 0;
		};
		EEC0450A1A93C74300D90ECA /* Frameworks */ = {
			isa = PBXFrameworksBuildPhase;
			buildActionMask = 2147483647;
			files = (
			);
			runOnlyForDeploymentPostprocessing = 0;
		};
/* End PBXFrameworksBuildPhase section */

/* Begin PBXGroup section */
		34EC5D64BE7B0B0C15C1B9DE /* Pods */ = {
			isa = PBXGroup;
			children = (
				90391549B541B5EC136C66A2 /* Pods-Dumpster.debug.xcconfig */,
				F62BBAA0FC2E9C7329A85DDA /* Pods-Dumpster.release.xcconfig */,
			);
			name = Pods;
			sourceTree = "<group>";
		};
		EEBB63AB1C2DE3AA00F72278 /* Frameworks */ = {
			isa = PBXGroup;
			children = (
				EEBB63B01C2DE54D00F72278 /* Accounts.framework */,
				EEBB63AE1C2DE51700F72278 /* Social.framework */,
				EEDAA1C01A9E595C00C5142B /* Security.framework */,
				EEDAA1BE1A9E595600C5142B /* QuartzCore.framework */,
				EEDAA1BC1A9E595000C5142B /* MobileCoreServices.framework */,
				EEDAA1BA1A9E594B00C5142B /* libz.dylib */,
				EEDAA1B81A9E594200C5142B /* CoreLocation.framework */,
				EEDAA1B61A9E592A00C5142B /* CoreGraphics.framework */,
				EEDAA1B41A9E592200C5142B /* Foundation.framework */,
				EEDAA1B21A9E591C00C5142B /* AudioToolbox.framework */,
				EEDAA1C21A9E596200C5142B /* StoreKit.framework */,
				EEDAA1D41A9E5BF400C5142B /* libsqlite3.dylib */,
				EEDAA1C41A9E596800C5142B /* SystemConfiguration.framework */,
				4A0096EE2114D7748E60DDFF /* libPods-Dumpster.a */,
			);
			name = Frameworks;
			sourceTree = "<group>";
		};
		EEBB63AC1C2DE3BE00F72278 /* Controllers */ = {
			isa = PBXGroup;
			children = (
				EEBB63A71C2DE1FF00F72278 /* ParseLoginController.swift */,
				EEC044FF1A93C74200D90ECA /* ViewController.swift */,
				EEC045211A942AB000D90ECA /* QuestionViewController.swift */,
				EEB09F251AACB6320070BA38 /* StatsViewController.swift */,
				EE3DF3021AB4E18200F994FF /* LearnMoreViewController.swift */,
			);
			name = Controllers;
			sourceTree = "<group>";
		};
		EEBB63AD1C2DE3CF00F72278 /* storyBoards */ = {
			isa = PBXGroup;
			children = (
				EEC045011A93C74300D90ECA /* Main.storyboard */,
				EEC045061A93C74300D90ECA /* LaunchScreen.xib */,
			);
			name = storyBoards;
			sourceTree = "<group>";
		};
		EEC044EF1A93C74200D90ECA = {
			isa = PBXGroup;
			children = (
				EEF9C52F1C31231D004DF096 /* Podfile */,
				EEBB63AB1C2DE3AA00F72278 /* Frameworks */,
				EE1F7F261B4EE9B200148429 /* Default-568h@2x.png */,
				EEC044FA1A93C74200D90ECA /* Dumpster */,
				EEC045101A93C74300D90ECA /* DumpsterTests */,
				EEC044F91A93C74200D90ECA /* Products */,
				34EC5D64BE7B0B0C15C1B9DE /* Pods */,
			);
			sourceTree = "<group>";
		};
		EEC044F91A93C74200D90ECA /* Products */ = {
			isa = PBXGroup;
			children = (
				EEC044F81A93C74200D90ECA /* Dumpster.app */,
				EEC0450D1A93C74300D90ECA /* DumpsterTests.xctest */,
			);
			name = Products;
			sourceTree = "<group>";
		};
		EEC044FA1A93C74200D90ECA /* Dumpster */ = {
			isa = PBXGroup;
			children = (
				EEF9C32B1C2DF839004DF096 /* Services */,
				EEF9C32A1C2DF81A004DF096 /* Models */,
				EEBB63AD1C2DE3CF00F72278 /* storyBoards */,
				EEBB63AC1C2DE3BE00F72278 /* Controllers */,
				EEC044FD1A93C74200D90ECA /* AppDelegate.swift */,
				EEC045041A93C74300D90ECA /* Images.xcassets */,
				EEC044FB1A93C74200D90ECA /* Supporting Files */,
				EEDAA1D21A9E5A3D00C5142B /* Bridging.m */,
				EEDAA1D11A9E5A3C00C5142B /* DumpsterSwift-Bridging-Header.h */,
				EE3DF2FD1AAEA23C00F994FF /* tests.swift */,
			);
			name = Dumpster;
			path = DumpsterSwift;
			sourceTree = "<group>";
		};
		EEC044FB1A93C74200D90ECA /* Supporting Files */ = {
			isa = PBXGroup;
			children = (
				EE0B3A191B03C29F004B6FC4 /* DumpsterLaunch960.png */,
				EE0B3A1A1B03C29F004B6FC4 /* DumpsterLaunch1136.png */,
				EE0B3A1B1B03C29F004B6FC4 /* DumpsterLogo29.png */,
				EE0B3A1C1B03C29F004B6FC4 /* DumpsterLogo58.png */,
				EE0B3A1D1B03C29F004B6FC4 /* DumpsterLogo76.png */,
				EE0B3A1E1B03C29F004B6FC4 /* DumpsterLogo80.png */,
				EE0B3A1F1B03C29F004B6FC4 /* DumpsterLogo87.png */,
				EE0B3A201B03C29F004B6FC4 /* DumpsterLogo120.png */,
				EE0B3A211B03C29F004B6FC4 /* DumpsterLogo152.png */,
				EE0B3A221B03C29F004B6FC4 /* DumpsterLogo180.png */,
				EE0B3A231B03C29F004B6FC4 /* DumpsterLogo1024.png */,
				EEC044FC1A93C74200D90ECA /* Info.plist */,
				EEC0451F1A93DA4E00D90ECA /* DumpLoopTrans2.gif */,
			);
			name = "Supporting Files";
			sourceTree = "<group>";
		};
		EEC045101A93C74300D90ECA /* DumpsterTests */ = {
			isa = PBXGroup;
			children = (
				EEC045131A93C74300D90ECA /* DumpsterTests.swift */,
				EE1F7F321B4F1D6200148429 /* Info.plist */,
				EEC045111A93C74300D90ECA /* Supporting Files */,
			);
			path = DumpsterTests;
			sourceTree = "<group>";
		};
		EEC045111A93C74300D90ECA /* Supporting Files */ = {
			isa = PBXGroup;
			children = (
			);
			name = "Supporting Files";
			sourceTree = "<group>";
		};
		EEF9C32A1C2DF81A004DF096 /* Models */ = {
			isa = PBXGroup;
			children = (
			);
			name = Models;
			sourceTree = "<group>";
		};
		EEF9C32B1C2DF839004DF096 /* Services */ = {
			isa = PBXGroup;
			children = (
				EEF9C32C1C2DF848004DF096 /* UserService.swift */,
				EEBB63A91C2DE2F000F72278 /* UserSettings.swift */,
			);
			name = Services;
			sourceTree = "<group>";
		};
/* End PBXGroup section */

/* Begin PBXNativeTarget section */
		EEC044F71A93C74200D90ECA /* Dumpster */ = {
			isa = PBXNativeTarget;
			buildConfigurationList = EEC045171A93C74300D90ECA /* Build configuration list for PBXNativeTarget "Dumpster" */;
			buildPhases = (
				EB160F869D9CD4BEC81D2F00 /* Check Pods Manifest.lock */,
				EEC044F41A93C74200D90ECA /* Sources */,
				EEC044F51A93C74200D90ECA /* Frameworks */,
				EEC044F61A93C74200D90ECA /* Resources */,
				46DF6AD8493C41635A891474 /* Copy Pods Resources */,
			);
			buildRules = (
			);
			dependencies = (
			);
			name = Dumpster;
			productName = DumpsterSwift;
			productReference = EEC044F81A93C74200D90ECA /* Dumpster.app */;
			productType = "com.apple.product-type.application";
		};
		EEC0450C1A93C74300D90ECA /* DumpsterTests */ = {
			isa = PBXNativeTarget;
			buildConfigurationList = EEC0451A1A93C74300D90ECA /* Build configuration list for PBXNativeTarget "DumpsterTests" */;
			buildPhases = (
				EEC045091A93C74300D90ECA /* Sources */,
				EEC0450A1A93C74300D90ECA /* Frameworks */,
				EEC0450B1A93C74300D90ECA /* Resources */,
			);
			buildRules = (
			);
			dependencies = (
				EEC0450F1A93C74300D90ECA /* PBXTargetDependency */,
			);
			name = DumpsterTests;
			productName = DumpsterSwiftTests;
			productReference = EEC0450D1A93C74300D90ECA /* DumpsterTests.xctest */;
			productType = "com.apple.product-type.bundle.unit-test";
		};
/* End PBXNativeTarget section */

/* Begin PBXProject section */
		EEC044F01A93C74200D90ECA /* Project object */ = {
			isa = PBXProject;
			attributes = {
				LastSwiftMigration = 0720;
				LastSwiftUpdateCheck = 0720;
				LastUpgradeCheck = 0720;
				ORGANIZATIONNAME = IVET;
				TargetAttributes = {
					EEC044F71A93C74200D90ECA = {
						CreatedOnToolsVersion = 6.1.1;
						DevelopmentTeam = 23NT8R7X24;
					};
					EEC0450C1A93C74300D90ECA = {
						CreatedOnToolsVersion = 6.1.1;
						TestTargetID = EEC044F71A93C74200D90ECA;
					};
				};
			};
			buildConfigurationList = EEC044F31A93C74200D90ECA /* Build configuration list for PBXProject "Dumpster" */;
			compatibilityVersion = "Xcode 3.2";
			developmentRegion = English;
			hasScannedForEncodings = 0;
			knownRegions = (
				en,
				Base,
			);
			mainGroup = EEC044EF1A93C74200D90ECA;
			productRefGroup = EEC044F91A93C74200D90ECA /* Products */;
			projectDirPath = "";
			projectRoot = "";
			targets = (
				EEC044F71A93C74200D90ECA /* Dumpster */,
				EEC0450C1A93C74300D90ECA /* DumpsterTests */,
			);
		};
/* End PBXProject section */

/* Begin PBXResourcesBuildPhase section */
		EEC044F61A93C74200D90ECA /* Resources */ = {
			isa = PBXResourcesBuildPhase;
			buildActionMask = 2147483647;
			files = (
				EEF9C5301C31231D004DF096 /* Podfile in Resources */,
				EEC045201A93DA4E00D90ECA /* DumpLoopTrans2.gif in Resources */,
				EE0B3A251B03C29F004B6FC4 /* DumpsterLaunch1136.png in Resources */,
				EE0B3A2D1B03C29F004B6FC4 /* DumpsterLogo180.png in Resources */,
				EE0B3A261B03C29F004B6FC4 /* DumpsterLogo29.png in Resources */,
				EEC045031A93C74300D90ECA /* Main.storyboard in Resources */,
				EE0B3A291B03C29F004B6FC4 /* DumpsterLogo80.png in Resources */,
				EE0B3A281B03C29F004B6FC4 /* DumpsterLogo76.png in Resources */,
				EEC045081A93C74300D90ECA /* LaunchScreen.xib in Resources */,
				EEC045051A93C74300D90ECA /* Images.xcassets in Resources */,
				EE0B3A2E1B03C29F004B6FC4 /* DumpsterLogo1024.png in Resources */,
				EE0B3A241B03C29F004B6FC4 /* DumpsterLaunch960.png in Resources */,
				EE0B3A271B03C29F004B6FC4 /* DumpsterLogo58.png in Resources */,
				EE0B3A2B1B03C29F004B6FC4 /* DumpsterLogo120.png in Resources */,
				EE1F7F271B4EE9B200148429 /* Default-568h@2x.png in Resources */,
				EE0B3A2C1B03C29F004B6FC4 /* DumpsterLogo152.png in Resources */,
				EE0B3A2A1B03C29F004B6FC4 /* DumpsterLogo87.png in Resources */,
			);
			runOnlyForDeploymentPostprocessing = 0;
		};
		EEC0450B1A93C74300D90ECA /* Resources */ = {
			isa = PBXResourcesBuildPhase;
			buildActionMask = 2147483647;
			files = (
			);
			runOnlyForDeploymentPostprocessing = 0;
		};
/* End PBXResourcesBuildPhase section */

/* Begin PBXShellScriptBuildPhase section */
		46DF6AD8493C41635A891474 /* Copy Pods Resources */ = {
			isa = PBXShellScriptBuildPhase;
			buildActionMask = 2147483647;
			files = (
			);
			inputPaths = (
			);
			name = "Copy Pods Resources";
			outputPaths = (
			);
			runOnlyForDeploymentPostprocessing = 0;
			shellPath = /bin/sh;
			shellScript = "\"${SRCROOT}/Pods/Target Support Files/Pods-Dumpster/Pods-Dumpster-resources.sh\"\n";
			showEnvVarsInLog = 0;
		};
		EB160F869D9CD4BEC81D2F00 /* Check Pods Manifest.lock */ = {
			isa = PBXShellScriptBuildPhase;
			buildActionMask = 2147483647;
			files = (
			);
			inputPaths = (
			);
			name = "Check Pods Manifest.lock";
			outputPaths = (
			);
			runOnlyForDeploymentPostprocessing = 0;
			shellPath = /bin/sh;
			shellScript = "diff \"${PODS_ROOT}/../Podfile.lock\" \"${PODS_ROOT}/Manifest.lock\" > /dev/null\nif [[ $? != 0 ]] ; then\n    cat << EOM\nerror: The sandbox is not in sync with the Podfile.lock. Run 'pod install' or update your CocoaPods installation.\nEOM\n    exit 1\nfi\n";
			showEnvVarsInLog = 0;
		};
/* End PBXShellScriptBuildPhase section */

/* Begin PBXSourcesBuildPhase section */
		EEC044F41A93C74200D90ECA /* Sources */ = {
			isa = PBXSourcesBuildPhase;
			buildActionMask = 2147483647;
			files = (
				EE1F7F2E1B4EEC5300148429 /* Bridging.m in Sources */,
				EE1F7F2C1B4EEC3200148429 /* LearnMoreViewController.swift in Sources */,
				EEF9C32D1C2DF848004DF096 /* UserService.swift in Sources */,
				EE1F7F2B1B4EEC2D00148429 /* AppDelegate.swift in Sources */,
				EE1F7F2A1B4EEC2900148429 /* StatsViewController.swift in Sources */,
				EE1F7F291B4EEC2500148429 /* QuestionViewController.swift in Sources */,
				EEBB63AA1C2DE2F000F72278 /* UserSettings.swift in Sources */,
				EE1F7F281B4EEC0300148429 /* ViewController.swift in Sources */,
				EEBB63A81C2DE1FF00F72278 /* ParseLoginController.swift in Sources */,
			);
			runOnlyForDeploymentPostprocessing = 0;
		};
		EEC045091A93C74300D90ECA /* Sources */ = {
			isa = PBXSourcesBuildPhase;
			buildActionMask = 2147483647;
			files = (
			);
			runOnlyForDeploymentPostprocessing = 0;
		};
/* End PBXSourcesBuildPhase section */

/* Begin PBXTargetDependency section */
		EEC0450F1A93C74300D90ECA /* PBXTargetDependency */ = {
			isa = PBXTargetDependency;
			target = EEC044F71A93C74200D90ECA /* Dumpster */;
			targetProxy = EEC0450E1A93C74300D90ECA /* PBXContainerItemProxy */;
		};
/* End PBXTargetDependency section */

/* Begin PBXVariantGroup section */
		EEC045011A93C74300D90ECA /* Main.storyboard */ = {
			isa = PBXVariantGroup;
			children = (
				EEC045021A93C74300D90ECA /* Base */,
			);
			name = Main.storyboard;
			sourceTree = "<group>";
		};
		EEC045061A93C74300D90ECA /* LaunchScreen.xib */ = {
			isa = PBXVariantGroup;
			children = (
				EEC045071A93C74300D90ECA /* Base */,
			);
			name = LaunchScreen.xib;
			sourceTree = "<group>";
		};
/* End PBXVariantGroup section */

/* Begin XCBuildConfiguration section */
		EEC045151A93C74300D90ECA /* Debug */ = {
			isa = XCBuildConfiguration;
			buildSettings = {
				ALWAYS_SEARCH_USER_PATHS = NO;
				CLANG_CXX_LANGUAGE_STANDARD = "gnu++0x";
				CLANG_CXX_LIBRARY = "libc++";
				CLANG_ENABLE_MODULES = YES;
				CLANG_ENABLE_OBJC_ARC = YES;
				CLANG_WARN_BOOL_CONVERSION = YES;
				CLANG_WARN_CONSTANT_CONVERSION = YES;
				CLANG_WARN_DIRECT_OBJC_ISA_USAGE = YES_ERROR;
				CLANG_WARN_EMPTY_BODY = YES;
				CLANG_WARN_ENUM_CONVERSION = YES;
				CLANG_WARN_INT_CONVERSION = YES;
				CLANG_WARN_OBJC_ROOT_CLASS = YES_ERROR;
				CLANG_WARN_UNREACHABLE_CODE = YES;
				CLANG_WARN__DUPLICATE_METHOD_MATCH = YES;
				CODE_SIGN_IDENTITY = "iPhone Developer";
				"CODE_SIGN_IDENTITY[sdk=iphoneos*]" = "iPhone Developer";
				COPY_PHASE_STRIP = NO;
				ENABLE_STRICT_OBJC_MSGSEND = YES;
				ENABLE_TESTABILITY = YES;
				GCC_C_LANGUAGE_STANDARD = gnu99;
				GCC_DYNAMIC_NO_PIC = NO;
				GCC_OPTIMIZATION_LEVEL = 0;
				GCC_PREPROCESSOR_DEFINITIONS = (
					"DEBUG=1",
					"$(inherited)",
				);
				GCC_SYMBOLS_PRIVATE_EXTERN = NO;
				GCC_WARN_64_TO_32_BIT_CONVERSION = YES;
				GCC_WARN_ABOUT_RETURN_TYPE = YES_ERROR;
				GCC_WARN_UNDECLARED_SELECTOR = YES;
				GCC_WARN_UNINITIALIZED_AUTOS = YES_AGGRESSIVE;
				GCC_WARN_UNUSED_FUNCTION = YES;
				GCC_WARN_UNUSED_VARIABLE = YES;
				IPHONEOS_DEPLOYMENT_TARGET = 8.1;
				MTL_ENABLE_DEBUG_INFO = YES;
				ONLY_ACTIVE_ARCH = YES;
				SDKROOT = iphoneos;
				SWIFT_OPTIMIZATION_LEVEL = "-Onone";
			};
			name = Debug;
		};
		EEC045161A93C74300D90ECA /* Release */ = {
			isa = XCBuildConfiguration;
			buildSettings = {
				ALWAYS_SEARCH_USER_PATHS = NO;
				CLANG_CXX_LANGUAGE_STANDARD = "gnu++0x";
				CLANG_CXX_LIBRARY = "libc++";
				CLANG_ENABLE_MODULES = YES;
				CLANG_ENABLE_OBJC_ARC = YES;
				CLANG_WARN_BOOL_CONVERSION = YES;
				CLANG_WARN_CONSTANT_CONVERSION = YES;
				CLANG_WARN_DIRECT_OBJC_ISA_USAGE = YES_ERROR;
				CLANG_WARN_EMPTY_BODY = YES;
				CLANG_WARN_ENUM_CONVERSION = YES;
				CLANG_WARN_INT_CONVERSION = YES;
				CLANG_WARN_OBJC_ROOT_CLASS = YES_ERROR;
				CLANG_WARN_UNREACHABLE_CODE = YES;
				CLANG_WARN__DUPLICATE_METHOD_MATCH = YES;
				CODE_SIGN_IDENTITY = "iPhone Developer";
				"CODE_SIGN_IDENTITY[sdk=iphoneos*]" = "iPhone Developer";
				COPY_PHASE_STRIP = YES;
				ENABLE_NS_ASSERTIONS = NO;
				ENABLE_STRICT_OBJC_MSGSEND = YES;
				GCC_C_LANGUAGE_STANDARD = gnu99;
				GCC_WARN_64_TO_32_BIT_CONVERSION = YES;
				GCC_WARN_ABOUT_RETURN_TYPE = YES_ERROR;
				GCC_WARN_UNDECLARED_SELECTOR = YES;
				GCC_WARN_UNINITIALIZED_AUTOS = YES_AGGRESSIVE;
				GCC_WARN_UNUSED_FUNCTION = YES;
				GCC_WARN_UNUSED_VARIABLE = YES;
				IPHONEOS_DEPLOYMENT_TARGET = 8.1;
				MTL_ENABLE_DEBUG_INFO = NO;
				SDKROOT = iphoneos;
				VALIDATE_PRODUCT = YES;
			};
			name = Release;
		};
		EEC045181A93C74300D90ECA /* Debug */ = {
			isa = XCBuildConfiguration;
			baseConfigurationReference = 90391549B541B5EC136C66A2 /* Pods-Dumpster.debug.xcconfig */;
			buildSettings = {
				ASSETCATALOG_COMPILER_APPICON_NAME = AppIcon;
				CLANG_ALLOW_NON_MODULAR_INCLUDES_IN_FRAMEWORK_MODULES = NO;
				CLANG_ENABLE_MODULES = YES;
				CODE_SIGN_IDENTITY = "iPhone Developer";
				FRAMEWORK_SEARCH_PATHS = (
					"$(inherited)",
					/Users/joelwasserman/Documents/FacebookSDK,
					"$(PROJECT_DIR)/parse-library-1.6.3",
				);
				INFOPLIST_FILE = "$(SRCROOT)/DumpsterTests/Info.plist";
				LD_RUNPATH_SEARCH_PATHS = "$(inherited) @executable_path/Frameworks";
				PRODUCT_BUNDLE_IDENTIFIER = "com.ivet.$(PRODUCT_NAME:rfc1034identifier)";
				PRODUCT_NAME = Dumpster;
				SWIFT_OBJC_BRIDGING_HEADER = "DumpsterSwift/DumpsterSwift-Bridging-Header.h";
				SWIFT_OPTIMIZATION_LEVEL = "-Onone";
			};
			name = Debug;
		};
		EEC045191A93C74300D90ECA /* Release */ = {
			isa = XCBuildConfiguration;
			baseConfigurationReference = F62BBAA0FC2E9C7329A85DDA /* Pods-Dumpster.release.xcconfig */;
			buildSettings = {
				ASSETCATALOG_COMPILER_APPICON_NAME = AppIcon;
				CLANG_ALLOW_NON_MODULAR_INCLUDES_IN_FRAMEWORK_MODULES = NO;
				CLANG_ENABLE_MODULES = YES;
				CODE_SIGN_IDENTITY = "iPhone Developer";
				FRAMEWORK_SEARCH_PATHS = (
					"$(inherited)",
					/Users/joelwasserman/Documents/FacebookSDK,
					"$(PROJECT_DIR)/parse-library-1.6.3",
				);
				INFOPLIST_FILE = "$(SRCROOT)/DumpsterTests/Info.plist";
				LD_RUNPATH_SEARCH_PATHS = "$(inherited) @executable_path/Frameworks";
				PRODUCT_BUNDLE_IDENTIFIER = "com.ivet.$(PRODUCT_NAME:rfc1034identifier)";
				PRODUCT_NAME = Dumpster;
				SWIFT_OBJC_BRIDGING_HEADER = "DumpsterSwift/DumpsterSwift-Bridging-Header.h";
			};
			name = Release;
		};
		EEC0451B1A93C74300D90ECA /* Debug */ = {
			isa = XCBuildConfiguration;
			buildSettings = {
				BUNDLE_LOADER = "$(TEST_HOST)";
				FRAMEWORK_SEARCH_PATHS = (
					"$(SDKROOT)/Developer/Library/Frameworks",
					"$(inherited)",
				);
				GCC_PREPROCESSOR_DEFINITIONS = (
					"DEBUG=1",
					"$(inherited)",
				);
				INFOPLIST_FILE = DumpsterTests/Info.plist;
				LD_RUNPATH_SEARCH_PATHS = "$(inherited) @executable_path/Frameworks @loader_path/Frameworks";
				PRODUCT_BUNDLE_IDENTIFIER = "com.ivet.$(PRODUCT_NAME:rfc1034identifier)";
				PRODUCT_NAME = DumpsterTests;
				TEST_HOST = "$(BUILT_PRODUCTS_DIR)/DumpsterSwift.app/DumpsterSwift";
			};
			name = Debug;
		};
		EEC0451C1A93C74300D90ECA /* Release */ = {
			isa = XCBuildConfiguration;
			buildSettings = {
				BUNDLE_LOADER = "$(TEST_HOST)";
				FRAMEWORK_SEARCH_PATHS = (
					"$(SDKROOT)/Developer/Library/Frameworks",
					"$(inherited)",
				);
				INFOPLIST_FILE = DumpsterTests/Info.plist;
				LD_RUNPATH_SEARCH_PATHS = "$(inherited) @executable_path/Frameworks @loader_path/Frameworks";
				PRODUCT_BUNDLE_IDENTIFIER = "com.ivet.$(PRODUCT_NAME:rfc1034identifier)";
				PRODUCT_NAME = DumpsterTests;
				TEST_HOST = "$(BUILT_PRODUCTS_DIR)/DumpsterSwift.app/DumpsterSwift";
			};
			name = Release;
		};
/* End XCBuildConfiguration section */

/* Begin XCConfigurationList section */
		EEC044F31A93C74200D90ECA /* Build configuration list for PBXProject "Dumpster" */ = {
			isa = XCConfigurationList;
			buildConfigurations = (
				EEC045151A93C74300D90ECA /* Debug */,
				EEC045161A93C74300D90ECA /* Release */,
			);
			defaultConfigurationIsVisible = 0;
			defaultConfigurationName = Release;
		};
		EEC045171A93C74300D90ECA /* Build configuration list for PBXNativeTarget "Dumpster" */ = {
			isa = XCConfigurationList;
			buildConfigurations = (
				EEC045181A93C74300D90ECA /* Debug */,
				EEC045191A93C74300D90ECA /* Release */,
			);
			defaultConfigurationIsVisible = 0;
			defaultConfigurationName = Release;
		};
		EEC0451A1A93C74300D90ECA /* Build configuration list for PBXNativeTarget "DumpsterTests" */ = {
			isa = XCConfigurationList;
			buildConfigurations = (
				EEC0451B1A93C74300D90ECA /* Debug */,
				EEC0451C1A93C74300D90ECA /* Release */,
			);
			defaultConfigurationIsVisible = 0;
			defaultConfigurationName = Release;
		};
/* End XCConfigurationList section */
	};
	rootObject = EEC044F01A93C74200D90ECA /* Project object */;
}
