// !$*UTF8*$!
{
	archiveVersion = 1;
	classes = {
	};
	objectVersion = 46;
	objects = {

/* Begin PBXBuildFile section */
		EEB09F261AACB6320070BA38 /* StatsViewController.swift in Sources */ = {isa = PBXBuildFile; fileRef = EEB09F251AACB6320070BA38 /* StatsViewController.swift */; };
		EEC044FE1A93C74200D90ECA /* AppDelegate.swift in Sources */ = {isa = PBXBuildFile; fileRef = EEC044FD1A93C74200D90ECA /* AppDelegate.swift */; };
		EEC045001A93C74300D90ECA /* ViewController.swift in Sources */ = {isa = PBXBuildFile; fileRef = EEC044FF1A93C74200D90ECA /* ViewController.swift */; };
		EEC045031A93C74300D90ECA /* Main.storyboard in Resources */ = {isa = PBXBuildFile; fileRef = EEC045011A93C74300D90ECA /* Main.storyboard */; };
		EEC045051A93C74300D90ECA /* Images.xcassets in Resources */ = {isa = PBXBuildFile; fileRef = EEC045041A93C74300D90ECA /* Images.xcassets */; };
		EEC045081A93C74300D90ECA /* LaunchScreen.xib in Resources */ = {isa = PBXBuildFile; fileRef = EEC045061A93C74300D90ECA /* LaunchScreen.xib */; };
		EEC045141A93C74300D90ECA /* DumpsterSwiftTests.swift in Sources */ = {isa = PBXBuildFile; fileRef = EEC045131A93C74300D90ECA /* DumpsterSwiftTests.swift */; };
		EEC045201A93DA4E00D90ECA /* DumpLoopTrans2.gif in Resources */ = {isa = PBXBuildFile; fileRef = EEC0451F1A93DA4E00D90ECA /* DumpLoopTrans2.gif */; };
		EEC045221A942AB000D90ECA /* QuestionViewController.swift in Sources */ = {isa = PBXBuildFile; fileRef = EEC045211A942AB000D90ECA /* QuestionViewController.swift */; };
		EEDAA1B31A9E591C00C5142B /* AudioToolbox.framework in Frameworks */ = {isa = PBXBuildFile; fileRef = EEDAA1B21A9E591C00C5142B /* AudioToolbox.framework */; };
		EEDAA1B51A9E592200C5142B /* Foundation.framework in Frameworks */ = {isa = PBXBuildFile; fileRef = EEDAA1B41A9E592200C5142B /* Foundation.framework */; };
		EEDAA1B71A9E592A00C5142B /* CoreGraphics.framework in Frameworks */ = {isa = PBXBuildFile; fileRef = EEDAA1B61A9E592A00C5142B /* CoreGraphics.framework */; };
		EEDAA1B91A9E594200C5142B /* CoreLocation.framework in Frameworks */ = {isa = PBXBuildFile; fileRef = EEDAA1B81A9E594200C5142B /* CoreLocation.framework */; };
		EEDAA1BB1A9E594B00C5142B /* libz.dylib in Frameworks */ = {isa = PBXBuildFile; fileRef = EEDAA1BA1A9E594B00C5142B /* libz.dylib */; };
		EEDAA1BD1A9E595000C5142B /* MobileCoreServices.framework in Frameworks */ = {isa = PBXBuildFile; fileRef = EEDAA1BC1A9E595000C5142B /* MobileCoreServices.framework */; };
		EEDAA1BF1A9E595600C5142B /* QuartzCore.framework in Frameworks */ = {isa = PBXBuildFile; fileRef = EEDAA1BE1A9E595600C5142B /* QuartzCore.framework */; };
		EEDAA1C11A9E595C00C5142B /* Security.framework in Frameworks */ = {isa = PBXBuildFile; fileRef = EEDAA1C01A9E595C00C5142B /* Security.framework */; };
		EEDAA1C31A9E596200C5142B /* StoreKit.framework in Frameworks */ = {isa = PBXBuildFile; fileRef = EEDAA1C21A9E596200C5142B /* StoreKit.framework */; };
		EEDAA1C51A9E596800C5142B /* SystemConfiguration.framework in Frameworks */ = {isa = PBXBuildFile; fileRef = EEDAA1C41A9E596800C5142B /* SystemConfiguration.framework */; };
		EEDAA1CC1A9E599400C5142B /* Bolts.framework in Frameworks */ = {isa = PBXBuildFile; fileRef = EEDAA1C71A9E599400C5142B /* Bolts.framework */; };
		EEDAA1CD1A9E599400C5142B /* Parse.framework in Frameworks */ = {isa = PBXBuildFile; fileRef = EEDAA1C81A9E599400C5142B /* Parse.framework */; };
		EEDAA1CE1A9E599400C5142B /* ParseCrashReporting.framework in Frameworks */ = {isa = PBXBuildFile; fileRef = EEDAA1C91A9E599400C5142B /* ParseCrashReporting.framework */; };
		EEDAA1CF1A9E599400C5142B /* ParseFacebookUtils.framework in Frameworks */ = {isa = PBXBuildFile; fileRef = EEDAA1CA1A9E599400C5142B /* ParseFacebookUtils.framework */; };
		EEDAA1D01A9E599400C5142B /* ParseUI.framework in Frameworks */ = {isa = PBXBuildFile; fileRef = EEDAA1CB1A9E599400C5142B /* ParseUI.framework */; };
		EEDAA1D31A9E5A3D00C5142B /* Bridging.m in Sources */ = {isa = PBXBuildFile; fileRef = EEDAA1D21A9E5A3D00C5142B /* Bridging.m */; };
		EEDAA1D51A9E5BF400C5142B /* libsqlite3.dylib in Frameworks */ = {isa = PBXBuildFile; fileRef = EEDAA1D41A9E5BF400C5142B /* libsqlite3.dylib */; };
/* End PBXBuildFile section */

/* Begin PBXContainerItemProxy section */
		EEC0450E1A93C74300D90ECA /* PBXContainerItemProxy */ = {
			isa = PBXContainerItemProxy;
			containerPortal = EEC044F01A93C74200D90ECA /* Project object */;
			proxyType = 1;
			remoteGlobalIDString = EEC044F71A93C74200D90ECA;
			remoteInfo = DumpsterSwift;
		};
/* End PBXContainerItemProxy section */

/* Begin PBXFileReference section */
		EE3DF2FD1AAEA23C00F994FF /* tests.swift */ = {isa = PBXFileReference; fileEncoding = 4; lastKnownFileType = sourcecode.swift; path = tests.swift; sourceTree = "<group>"; };
		EEB09F251AACB6320070BA38 /* StatsViewController.swift */ = {isa = PBXFileReference; fileEncoding = 4; lastKnownFileType = sourcecode.swift; path = StatsViewController.swift; sourceTree = "<group>"; };
		EEC044F81A93C74200D90ECA /* DumpsterSwift.app */ = {isa = PBXFileReference; explicitFileType = wrapper.application; includeInIndex = 0; path = DumpsterSwift.app; sourceTree = BUILT_PRODUCTS_DIR; };
		EEC044FC1A93C74200D90ECA /* Info.plist */ = {isa = PBXFileReference; lastKnownFileType = text.plist.xml; path = Info.plist; sourceTree = "<group>"; };
		EEC044FD1A93C74200D90ECA /* AppDelegate.swift */ = {isa = PBXFileReference; lastKnownFileType = sourcecode.swift; path = AppDelegate.swift; sourceTree = "<group>"; };
		EEC044FF1A93C74200D90ECA /* ViewController.swift */ = {isa = PBXFileReference; lastKnownFileType = sourcecode.swift; path = ViewController.swift; sourceTree = "<group>"; };
		EEC045021A93C74300D90ECA /* Base */ = {isa = PBXFileReference; lastKnownFileType = file.storyboard; name = Base; path = Base.lproj/Main.storyboard; sourceTree = "<group>"; };
		EEC045041A93C74300D90ECA /* Images.xcassets */ = {isa = PBXFileReference; lastKnownFileType = folder.assetcatalog; path = Images.xcassets; sourceTree = "<group>"; };
		EEC045071A93C74300D90ECA /* Base */ = {isa = PBXFileReference; lastKnownFileType = file.xib; name = Base; path = Base.lproj/LaunchScreen.xib; sourceTree = "<group>"; };
		EEC0450D1A93C74300D90ECA /* DumpsterSwiftTests.xctest */ = {isa = PBXFileReference; explicitFileType = wrapper.cfbundle; includeInIndex = 0; path = DumpsterSwiftTests.xctest; sourceTree = BUILT_PRODUCTS_DIR; };
		EEC045121A93C74300D90ECA /* Info.plist */ = {isa = PBXFileReference; lastKnownFileType = text.plist.xml; path = Info.plist; sourceTree = "<group>"; };
		EEC045131A93C74300D90ECA /* DumpsterSwiftTests.swift */ = {isa = PBXFileReference; lastKnownFileType = sourcecode.swift; path = DumpsterSwiftTests.swift; sourceTree = "<group>"; };
		EEC0451F1A93DA4E00D90ECA /* DumpLoopTrans2.gif */ = {isa = PBXFileReference; lastKnownFileType = image.gif; path = DumpLoopTrans2.gif; sourceTree = "<group>"; };
		EEC045211A942AB000D90ECA /* QuestionViewController.swift */ = {isa = PBXFileReference; fileEncoding = 4; lastKnownFileType = sourcecode.swift; path = QuestionViewController.swift; sourceTree = "<group>"; };
		EEDAA1B21A9E591C00C5142B /* AudioToolbox.framework */ = {isa = PBXFileReference; lastKnownFileType = wrapper.framework; name = AudioToolbox.framework; path = System/Library/Frameworks/AudioToolbox.framework; sourceTree = SDKROOT; };
		EEDAA1B41A9E592200C5142B /* Foundation.framework */ = {isa = PBXFileReference; lastKnownFileType = wrapper.framework; name = Foundation.framework; path = System/Library/Frameworks/Foundation.framework; sourceTree = SDKROOT; };
		EEDAA1B61A9E592A00C5142B /* CoreGraphics.framework */ = {isa = PBXFileReference; lastKnownFileType = wrapper.framework; name = CoreGraphics.framework; path = System/Library/Frameworks/CoreGraphics.framework; sourceTree = SDKROOT; };
		EEDAA1B81A9E594200C5142B /* CoreLocation.framework */ = {isa = PBXFileReference; lastKnownFileType = wrapper.framework; name = CoreLocation.framework; path = System/Library/Frameworks/CoreLocation.framework; sourceTree = SDKROOT; };
		EEDAA1BA1A9E594B00C5142B /* libz.dylib */ = {isa = PBXFileReference; lastKnownFileType = "compiled.mach-o.dylib"; name = libz.dylib; path = usr/lib/libz.dylib; sourceTree = SDKROOT; };
		EEDAA1BC1A9E595000C5142B /* MobileCoreServices.framework */ = {isa = PBXFileReference; lastKnownFileType = wrapper.framework; name = MobileCoreServices.framework; path = System/Library/Frameworks/MobileCoreServices.framework; sourceTree = SDKROOT; };
		EEDAA1BE1A9E595600C5142B /* QuartzCore.framework */ = {isa = PBXFileReference; lastKnownFileType = wrapper.framework; name = QuartzCore.framework; path = System/Library/Frameworks/QuartzCore.framework; sourceTree = SDKROOT; };
		EEDAA1C01A9E595C00C5142B /* Security.framework */ = {isa = PBXFileReference; lastKnownFileType = wrapper.framework; name = Security.framework; path = System/Library/Frameworks/Security.framework; sourceTree = SDKROOT; };
		EEDAA1C21A9E596200C5142B /* StoreKit.framework */ = {isa = PBXFileReference; lastKnownFileType = wrapper.framework; name = StoreKit.framework; path = System/Library/Frameworks/StoreKit.framework; sourceTree = SDKROOT; };
		EEDAA1C41A9E596800C5142B /* SystemConfiguration.framework */ = {isa = PBXFileReference; lastKnownFileType = wrapper.framework; name = SystemConfiguration.framework; path = System/Library/Frameworks/SystemConfiguration.framework; sourceTree = SDKROOT; };
		EEDAA1C71A9E599400C5142B /* Bolts.framework */ = {isa = PBXFileReference; lastKnownFileType = wrapper.framework; path = Bolts.framework; sourceTree = "<group>"; };
		EEDAA1C81A9E599400C5142B /* Parse.framework */ = {isa = PBXFileReference; lastKnownFileType = wrapper.framework; path = Parse.framework; sourceTree = "<group>"; };
		EEDAA1C91A9E599400C5142B /* ParseCrashReporting.framework */ = {isa = PBXFileReference; lastKnownFileType = wrapper.framework; path = ParseCrashReporting.framework; sourceTree = "<group>"; };
		EEDAA1CA1A9E599400C5142B /* ParseFacebookUtils.framework */ = {isa = PBXFileReference; lastKnownFileType = wrapper.framework; path = ParseFacebookUtils.framework; sourceTree = "<group>"; };
		EEDAA1CB1A9E599400C5142B /* ParseUI.framework */ = {isa = PBXFileReference; lastKnownFileType = wrapper.framework; path = ParseUI.framework; sourceTree = "<group>"; };
		EEDAA1D11A9E5A3C00C5142B /* DumpsterSwift-Bridging-Header.h */ = {isa = PBXFileReference; lastKnownFileType = sourcecode.c.h; path = "DumpsterSwift-Bridging-Header.h"; sourceTree = "<group>"; };
		EEDAA1D21A9E5A3D00C5142B /* Bridging.m */ = {isa = PBXFileReference; fileEncoding = 4; lastKnownFileType = sourcecode.c.objc; path = Bridging.m; sourceTree = "<group>"; };
		EEDAA1D41A9E5BF400C5142B /* libsqlite3.dylib */ = {isa = PBXFileReference; lastKnownFileType = "compiled.mach-o.dylib"; name = libsqlite3.dylib; path = usr/lib/libsqlite3.dylib; sourceTree = SDKROOT; };
/* End PBXFileReference section */

/* Begin PBXFrameworksBuildPhase section */
		EEC044F51A93C74200D90ECA /* Frameworks */ = {
			isa = PBXFrameworksBuildPhase;
			buildActionMask = 2147483647;
			files = (
				EEDAA1D51A9E5BF400C5142B /* libsqlite3.dylib in Frameworks */,
				EEDAA1CF1A9E599400C5142B /* ParseFacebookUtils.framework in Frameworks */,
				EEDAA1C51A9E596800C5142B /* SystemConfiguration.framework in Frameworks */,
				EEDAA1C31A9E596200C5142B /* StoreKit.framework in Frameworks */,
				EEDAA1C11A9E595C00C5142B /* Security.framework in Frameworks */,
				EEDAA1BF1A9E595600C5142B /* QuartzCore.framework in Frameworks */,
				EEDAA1BD1A9E595000C5142B /* MobileCoreServices.framework in Frameworks */,
				EEDAA1BB1A9E594B00C5142B /* libz.dylib in Frameworks */,
				EEDAA1B91A9E594200C5142B /* CoreLocation.framework in Frameworks */,
				EEDAA1B71A9E592A00C5142B /* CoreGraphics.framework in Frameworks */,
				EEDAA1CC1A9E599400C5142B /* Bolts.framework in Frameworks */,
				EEDAA1B51A9E592200C5142B /* Foundation.framework in Frameworks */,
				EEDAA1CD1A9E599400C5142B /* Parse.framework in Frameworks */,
				EEDAA1D01A9E599400C5142B /* ParseUI.framework in Frameworks */,
				EEDAA1B31A9E591C00C5142B /* AudioToolbox.framework in Frameworks */,
				EEDAA1CE1A9E599400C5142B /* ParseCrashReporting.framework in Frameworks */,
			);
			runOnlyForDeploymentPostprocessing = 0;
		};
		EEC0450A1A93C74300D90ECA /* Frameworks */ = {
			isa = PBXFrameworksBuildPhase;
			buildActionMask = 2147483647;
			files = (
			);
			runOnlyForDeploymentPostprocessing = 0;
		};
/* End PBXFrameworksBuildPhase section */

/* Begin PBXGroup section */
		EEC044EF1A93C74200D90ECA = {
			isa = PBXGroup;
			children = (
				EEDAA1D41A9E5BF400C5142B /* libsqlite3.dylib */,
				EEDAA1C61A9E599400C5142B /* parse-library-1.6.3 */,
				EEDAA1C41A9E596800C5142B /* SystemConfiguration.framework */,
				EEDAA1C21A9E596200C5142B /* StoreKit.framework */,
				EEDAA1C01A9E595C00C5142B /* Security.framework */,
				EEDAA1BE1A9E595600C5142B /* QuartzCore.framework */,
				EEDAA1BC1A9E595000C5142B /* MobileCoreServices.framework */,
				EEDAA1BA1A9E594B00C5142B /* libz.dylib */,
				EEDAA1B81A9E594200C5142B /* CoreLocation.framework */,
				EEDAA1B61A9E592A00C5142B /* CoreGraphics.framework */,
				EEDAA1B41A9E592200C5142B /* Foundation.framework */,
				EEDAA1B21A9E591C00C5142B /* AudioToolbox.framework */,
				EEC044FA1A93C74200D90ECA /* DumpsterSwift */,
				EEC045101A93C74300D90ECA /* DumpsterSwiftTests */,
				EEC044F91A93C74200D90ECA /* Products */,
			);
			sourceTree = "<group>";
		};
		EEC044F91A93C74200D90ECA /* Products */ = {
			isa = PBXGroup;
			children = (
				EEC044F81A93C74200D90ECA /* DumpsterSwift.app */,
				EEC0450D1A93C74300D90ECA /* DumpsterSwiftTests.xctest */,
			);
			name = Products;
			sourceTree = "<group>";
		};
		EEC044FA1A93C74200D90ECA /* DumpsterSwift */ = {
			isa = PBXGroup;
			children = (
				EEC044FD1A93C74200D90ECA /* AppDelegate.swift */,
				EEC044FF1A93C74200D90ECA /* ViewController.swift */,
				EEC045211A942AB000D90ECA /* QuestionViewController.swift */,
				EEB09F251AACB6320070BA38 /* StatsViewController.swift */,
				EEC045011A93C74300D90ECA /* Main.storyboard */,
				EEC045041A93C74300D90ECA /* Images.xcassets */,
				EEC045061A93C74300D90ECA /* LaunchScreen.xib */,
				EEC044FB1A93C74200D90ECA /* Supporting Files */,
				EEDAA1D21A9E5A3D00C5142B /* Bridging.m */,
				EEDAA1D11A9E5A3C00C5142B /* DumpsterSwift-Bridging-Header.h */,
				EE3DF2FD1AAEA23C00F994FF /* tests.swift */,
			);
			path = DumpsterSwift;
			sourceTree = "<group>";
		};
		EEC044FB1A93C74200D90ECA /* Supporting Files */ = {
			isa = PBXGroup;
			children = (
				EEC044FC1A93C74200D90ECA /* Info.plist */,
				EEC0451F1A93DA4E00D90ECA /* DumpLoopTrans2.gif */,
			);
			name = "Supporting Files";
			sourceTree = "<group>";
		};
		EEC045101A93C74300D90ECA /* DumpsterSwiftTests */ = {
			isa = PBXGroup;
			children = (
				EEC045131A93C74300D90ECA /* DumpsterSwiftTests.swift */,
				EEC045111A93C74300D90ECA /* Supporting Files */,
			);
			path = DumpsterSwiftTests;
			sourceTree = "<group>";
		};
		EEC045111A93C74300D90ECA /* Supporting Files */ = {
			isa = PBXGroup;
			children = (
				EEC045121A93C74300D90ECA /* Info.plist */,
			);
			name = "Supporting Files";
			sourceTree = "<group>";
		};
		EEDAA1C61A9E599400C5142B /* parse-library-1.6.3 */ = {
			isa = PBXGroup;
			children = (
				EEDAA1C71A9E599400C5142B /* Bolts.framework */,
				EEDAA1C81A9E599400C5142B /* Parse.framework */,
				EEDAA1C91A9E599400C5142B /* ParseCrashReporting.framework */,
				EEDAA1CA1A9E599400C5142B /* ParseFacebookUtils.framework */,
				EEDAA1CB1A9E599400C5142B /* ParseUI.framework */,
			);
			path = "parse-library-1.6.3";
			sourceTree = "<group>";
		};
/* End PBXGroup section */

/* Begin PBXNativeTarget section */
		EEC044F71A93C74200D90ECA /* DumpsterSwift */ = {
			isa = PBXNativeTarget;
			buildConfigurationList = EEC045171A93C74300D90ECA /* Build configuration list for PBXNativeTarget "DumpsterSwift" */;
			buildPhases = (
				EEC044F41A93C74200D90ECA /* Sources */,
				EEC044F51A93C74200D90ECA /* Frameworks */,
				EEC044F61A93C74200D90ECA /* Resources */,
			);
			buildRules = (
			);
			dependencies = (
			);
			name = DumpsterSwift;
			productName = DumpsterSwift;
			productReference = EEC044F81A93C74200D90ECA /* DumpsterSwift.app */;
			productType = "com.apple.product-type.application";
		};
		EEC0450C1A93C74300D90ECA /* DumpsterSwiftTests */ = {
			isa = PBXNativeTarget;
			buildConfigurationList = EEC0451A1A93C74300D90ECA /* Build configuration list for PBXNativeTarget "DumpsterSwiftTests" */;
			buildPhases = (
				EEC045091A93C74300D90ECA /* Sources */,
				EEC0450A1A93C74300D90ECA /* Frameworks */,
				EEC0450B1A93C74300D90ECA /* Resources */,
			);
			buildRules = (
			);
			dependencies = (
				EEC0450F1A93C74300D90ECA /* PBXTargetDependency */,
			);
			name = DumpsterSwiftTests;
			productName = DumpsterSwiftTests;
			productReference = EEC0450D1A93C74300D90ECA /* DumpsterSwiftTests.xctest */;
			productType = "com.apple.product-type.bundle.unit-test";
		};
/* End PBXNativeTarget section */

/* Begin PBXProject section */
		EEC044F01A93C74200D90ECA /* Project object */ = {
			isa = PBXProject;
			attributes = {
				LastUpgradeCheck = 0610;
				ORGANIZATIONNAME = IVET;
				TargetAttributes = {
					EEC044F71A93C74200D90ECA = {
						CreatedOnToolsVersion = 6.1.1;
					};
					EEC0450C1A93C74300D90ECA = {
						CreatedOnToolsVersion = 6.1.1;
						TestTargetID = EEC044F71A93C74200D90ECA;
					};
				};
			};
			buildConfigurationList = EEC044F31A93C74200D90ECA /* Build configuration list for PBXProject "DumpsterSwift" */;
			compatibilityVersion = "Xcode 3.2";
			developmentRegion = English;
			hasScannedForEncodings = 0;
			knownRegions = (
				en,
				Base,
			);
			mainGroup = EEC044EF1A93C74200D90ECA;
			productRefGroup = EEC044F91A93C74200D90ECA /* Products */;
			projectDirPath = "";
			projectRoot = "";
			targets = (
				EEC044F71A93C74200D90ECA /* DumpsterSwift */,
				EEC0450C1A93C74300D90ECA /* DumpsterSwiftTests */,
			);
		};
/* End PBXProject section */

/* Begin PBXResourcesBuildPhase section */
		EEC044F61A93C74200D90ECA /* Resources */ = {
			isa = PBXResourcesBuildPhase;
			buildActionMask = 2147483647;
			files = (
				EEC045201A93DA4E00D90ECA /* DumpLoopTrans2.gif in Resources */,
				EEC045031A93C74300D90ECA /* Main.storyboard in Resources */,
				EEC045081A93C74300D90ECA /* LaunchScreen.xib in Resources */,
				EEC045051A93C74300D90ECA /* Images.xcassets in Resources */,
			);
			runOnlyForDeploymentPostprocessing = 0;
		};
		EEC0450B1A93C74300D90ECA /* Resources */ = {
			isa = PBXResourcesBuildPhase;
			buildActionMask = 2147483647;
			files = (
			);
			runOnlyForDeploymentPostprocessing = 0;
		};
/* End PBXResourcesBuildPhase section */

/* Begin PBXSourcesBuildPhase section */
		EEC044F41A93C74200D90ECA /* Sources */ = {
			isa = PBXSourcesBuildPhase;
			buildActionMask = 2147483647;
			files = (
				EEC045001A93C74300D90ECA /* ViewController.swift in Sources */,
				EEC044FE1A93C74200D90ECA /* AppDelegate.swift in Sources */,
				EEC045221A942AB000D90ECA /* QuestionViewController.swift in Sources */,
				EEB09F261AACB6320070BA38 /* StatsViewController.swift in Sources */,
				EEDAA1D31A9E5A3D00C5142B /* Bridging.m in Sources */,
			);
			runOnlyForDeploymentPostprocessing = 0;
		};
		EEC045091A93C74300D90ECA /* Sources */ = {
			isa = PBXSourcesBuildPhase;
			buildActionMask = 2147483647;
			files = (
				EEC045141A93C74300D90ECA /* DumpsterSwiftTests.swift in Sources */,
			);
			runOnlyForDeploymentPostprocessing = 0;
		};
/* End PBXSourcesBuildPhase section */

/* Begin PBXTargetDependency section */
		EEC0450F1A93C74300D90ECA /* PBXTargetDependency */ = {
			isa = PBXTargetDependency;
			target = EEC044F71A93C74200D90ECA /* DumpsterSwift */;
			targetProxy = EEC0450E1A93C74300D90ECA /* PBXContainerItemProxy */;
		};
/* End PBXTargetDependency section */

/* Begin PBXVariantGroup section */
		EEC045011A93C74300D90ECA /* Main.storyboard */ = {
			isa = PBXVariantGroup;
			children = (
				EEC045021A93C74300D90ECA /* Base */,
			);
			name = Main.storyboard;
			sourceTree = "<group>";
		};
		EEC045061A93C74300D90ECA /* LaunchScreen.xib */ = {
			isa = PBXVariantGroup;
			children = (
				EEC045071A93C74300D90ECA /* Base */,
			);
			name = LaunchScreen.xib;
			sourceTree = "<group>";
		};
/* End PBXVariantGroup section */

/* Begin XCBuildConfiguration section */
		EEC045151A93C74300D90ECA /* Debug */ = {
			isa = XCBuildConfiguration;
			buildSettings = {
				ALWAYS_SEARCH_USER_PATHS = NO;
				CLANG_CXX_LANGUAGE_STANDARD = "gnu++0x";
				CLANG_CXX_LIBRARY = "libc++";
				CLANG_ENABLE_MODULES = YES;
				CLANG_ENABLE_OBJC_ARC = YES;
				CLANG_WARN_BOOL_CONVERSION = YES;
				CLANG_WARN_CONSTANT_CONVERSION = YES;
				CLANG_WARN_DIRECT_OBJC_ISA_USAGE = YES_ERROR;
				CLANG_WARN_EMPTY_BODY = YES;
				CLANG_WARN_ENUM_CONVERSION = YES;
				CLANG_WARN_INT_CONVERSION = YES;
				CLANG_WARN_OBJC_ROOT_CLASS = YES_ERROR;
				CLANG_WARN_UNREACHABLE_CODE = YES;
				CLANG_WARN__DUPLICATE_METHOD_MATCH = YES;
				"CODE_SIGN_IDENTITY[sdk=iphoneos*]" = "iPhone Developer";
				COPY_PHASE_STRIP = NO;
				ENABLE_STRICT_OBJC_MSGSEND = YES;
				GCC_C_LANGUAGE_STANDARD = gnu99;
				GCC_DYNAMIC_NO_PIC = NO;
				GCC_OPTIMIZATION_LEVEL = 0;
				GCC_PREPROCESSOR_DEFINITIONS = (
					"DEBUG=1",
					"$(inherited)",
				);
				GCC_SYMBOLS_PRIVATE_EXTERN = NO;
				GCC_WARN_64_TO_32_BIT_CONVERSION = YES;
				GCC_WARN_ABOUT_RETURN_TYPE = YES_ERROR;
				GCC_WARN_UNDECLARED_SELECTOR = YES;
				GCC_WARN_UNINITIALIZED_AUTOS = YES_AGGRESSIVE;
				GCC_WARN_UNUSED_FUNCTION = YES;
				GCC_WARN_UNUSED_VARIABLE = YES;
				IPHONEOS_DEPLOYMENT_TARGET = 8.1;
				MTL_ENABLE_DEBUG_INFO = YES;
				ONLY_ACTIVE_ARCH = YES;
				SDKROOT = iphoneos;
				SWIFT_OPTIMIZATION_LEVEL = "-Onone";
			};
			name = Debug;
		};
		EEC045161A93C74300D90ECA /* Release */ = {
			isa = XCBuildConfiguration;
			buildSettings = {
				ALWAYS_SEARCH_USER_PATHS = NO;
				CLANG_CXX_LANGUAGE_STANDARD = "gnu++0x";
				CLANG_CXX_LIBRARY = "libc++";
				CLANG_ENABLE_MODULES = YES;
				CLANG_ENABLE_OBJC_ARC = YES;
				CLANG_WARN_BOOL_CONVERSION = YES;
				CLANG_WARN_CONSTANT_CONVERSION = YES;
				CLANG_WARN_DIRECT_OBJC_ISA_USAGE = YES_ERROR;
				CLANG_WARN_EMPTY_BODY = YES;
				CLANG_WARN_ENUM_CONVERSION = YES;
				CLANG_WARN_INT_CONVERSION = YES;
				CLANG_WARN_OBJC_ROOT_CLASS = YES_ERROR;
				CLANG_WARN_UNREACHABLE_CODE = YES;
				CLANG_WARN__DUPLICATE_METHOD_MATCH = YES;
				"CODE_SIGN_IDENTITY[sdk=iphoneos*]" = "iPhone Developer";
				COPY_PHASE_STRIP = YES;
				ENABLE_NS_ASSERTIONS = NO;
				ENABLE_STRICT_OBJC_MSGSEND = YES;
				GCC_C_LANGUAGE_STANDARD = gnu99;
				GCC_WARN_64_TO_32_BIT_CONVERSION = YES;
				GCC_WARN_ABOUT_RETURN_TYPE = YES_ERROR;
				GCC_WARN_UNDECLARED_SELECTOR = YES;
				GCC_WARN_UNINITIALIZED_AUTOS = YES_AGGRESSIVE;
				GCC_WARN_UNUSED_FUNCTION = YES;
				GCC_WARN_UNUSED_VARIABLE = YES;
				IPHONEOS_DEPLOYMENT_TARGET = 8.1;
				MTL_ENABLE_DEBUG_INFO = NO;
				SDKROOT = iphoneos;
				VALIDATE_PRODUCT = YES;
			};
			name = Release;
		};
		EEC045181A93C74300D90ECA /* Debug */ = {
			isa = XCBuildConfiguration;
			buildSettings = {
				ASSETCATALOG_COMPILER_APPICON_NAME = AppIcon;
				CLANG_ENABLE_MODULES = YES;
				FRAMEWORK_SEARCH_PATHS = (
					"$(inherited)",
					"$(PROJECT_DIR)/parse-library-1.6.3",
				);
				INFOPLIST_FILE = DumpsterSwift/Info.plist;
				LD_RUNPATH_SEARCH_PATHS = "$(inherited) @executable_path/Frameworks";
				PRODUCT_NAME = "$(TARGET_NAME)";
				SWIFT_OBJC_BRIDGING_HEADER = "DumpsterSwift/DumpsterSwift-Bridging-Header.h";
				SWIFT_OPTIMIZATION_LEVEL = "-Onone";
			};
			name = Debug;
		};
		EEC045191A93C74300D90ECA /* Release */ = {
			isa = XCBuildConfiguration;
			buildSettings = {
				ASSETCATALOG_COMPILER_APPICON_NAME = AppIcon;
				CLANG_ENABLE_MODULES = YES;
				FRAMEWORK_SEARCH_PATHS = (
					"$(inherited)",
					"$(PROJECT_DIR)/parse-library-1.6.3",
				);
				INFOPLIST_FILE = DumpsterSwift/Info.plist;
				LD_RUNPATH_SEARCH_PATHS = "$(inherited) @executable_path/Frameworks";
				PRODUCT_NAME = "$(TARGET_NAME)";
				SWIFT_OBJC_BRIDGING_HEADER = "DumpsterSwift/DumpsterSwift-Bridging-Header.h";
			};
			name = Release;
		};
		EEC0451B1A93C74300D90ECA /* Debug */ = {
			isa = XCBuildConfiguration;
			buildSettings = {
				BUNDLE_LOADER = "$(TEST_HOST)";
				FRAMEWORK_SEARCH_PATHS = (
					"$(SDKROOT)/Developer/Library/Frameworks",
					"$(inherited)",
				);
				GCC_PREPROCESSOR_DEFINITIONS = (
					"DEBUG=1",
					"$(inherited)",
				);
				INFOPLIST_FILE = DumpsterSwiftTests/Info.plist;
				LD_RUNPATH_SEARCH_PATHS = "$(inherited) @executable_path/Frameworks @loader_path/Frameworks";
				PRODUCT_NAME = "$(TARGET_NAME)";
				TEST_HOST = "$(BUILT_PRODUCTS_DIR)/DumpsterSwift.app/DumpsterSwift";
			};
			name = Debug;
		};
		EEC0451C1A93C74300D90ECA /* Release */ = {
			isa = XCBuildConfiguration;
			buildSettings = {
				BUNDLE_LOADER = "$(TEST_HOST)";
				FRAMEWORK_SEARCH_PATHS = (
					"$(SDKROOT)/Developer/Library/Frameworks",
					"$(inherited)",
				);
				INFOPLIST_FILE = DumpsterSwiftTests/Info.plist;
				LD_RUNPATH_SEARCH_PATHS = "$(inherited) @executable_path/Frameworks @loader_path/Frameworks";
				PRODUCT_NAME = "$(TARGET_NAME)";
				TEST_HOST = "$(BUILT_PRODUCTS_DIR)/DumpsterSwift.app/DumpsterSwift";
			};
			name = Release;
		};
/* End XCBuildConfiguration section */

/* Begin XCConfigurationList section */
		EEC044F31A93C74200D90ECA /* Build configuration list for PBXProject "DumpsterSwift" */ = {
			isa = XCConfigurationList;
			buildConfigurations = (
				EEC045151A93C74300D90ECA /* Debug */,
				EEC045161A93C74300D90ECA /* Release */,
			);
			defaultConfigurationIsVisible = 0;
			defaultConfigurationName = Release;
		};
		EEC045171A93C74300D90ECA /* Build configuration list for PBXNativeTarget "DumpsterSwift" */ = {
			isa = XCConfigurationList;
			buildConfigurations = (
				EEC045181A93C74300D90ECA /* Debug */,
				EEC045191A93C74300D90ECA /* Release */,
			);
			defaultConfigurationIsVisible = 0;
			defaultConfigurationName = Release;
		};
		EEC0451A1A93C74300D90ECA /* Build configuration list for PBXNativeTarget "DumpsterSwiftTests" */ = {
			isa = XCConfigurationList;
			buildConfigurations = (
				EEC0451B1A93C74300D90ECA /* Debug */,
				EEC0451C1A93C74300D90ECA /* Release */,
			);
			defaultConfigurationIsVisible = 0;
			defaultConfigurationName = Release;
		};
/* End XCConfigurationList section */
	};
	rootObject = EEC044F01A93C74200D90ECA /* Project object */;
}
